{
  "lockfile_version": "1",
  "packages": {
    "ansible@latest": {
      "last_modified": "2026-08-03T00:04:07Z",
      "resolved": "github:NixOS/nixpkgs/243895692ae2a2fbd08a05141462c0cc0d3ca10f#ansible",
      "source": "devbox-search",
      "version": "2.21.1",
      "systems": {
        "aarch64-darwin": {
          "outputs": [
            {
              "name": "out",
              "path": "/nix/store/i3z487hsdzhf5cz9qqsvs2a06rx5801c-python3.14-ansible-core-2.21.1",
              "default": true
            },
            {
              "name": "dist",
              "path": "/nix/store/acxch3csy0p2hvvc5z41gyjb7hf1995b-python3.14-ansible-core-2.21.1-dist"
            }
          ],
          "store_path": "/nix/store/i3z487hsdzhf5cz9qqsvs2a06rx5801c-python3.14-ansible-core-2.21.1"
        },
        "aarch64-linux": {
          "outputs": [
            {
              "name": "out",
              "path": "/nix/store/ydvnq17h1ppxxqc76wqd3qn6ynrzlj16-python3.14-ansible-core-2.21.1",
              "default": true
            },
            {
              "name": "dist",
              "path": "/nix/store/rgb8s39fqlyd9b3vj3ghxad7nhdv7avm-python3.14-ansible-core-2.21.1-dist"
            }
          ],
          "store_path": "/nix/store/ydvnq17h1ppxxqc76wqd3qn6ynrzlj16-python3.14-ansible-core-2.21.1"
        },
        "x86_64-darwin": {
          "outputs": [
            {
              "name": "out",
              "path": "/nix/store/291ym9bdzf65w9bij0n7hgih9np4lzd4-python3.13-ansible-core-2.21.1",
              "default": true
            },
            {
              "name": "dist",
              "path": "/nix/store/zpsfwv55vvv228rm95yvvw3i1q5j26jy-python3.13-ansible-core-2.21.1-dist"
            }
          ],
          "store_path": "/nix/store/291ym9bdzf65w9bij0n7hgih9np4lzd4-python3.13-ansible-core-2.21.1"
        },
        "x86_64-linux": {
          "outputs": [
            {
              "name": "out",
              "path": "/nix/store/z23sjj8qxvc4xcr35crdasyiw1z67ycf-python3.14-ansible-core-2.21.1",
              "default": true
            },
            {
              "name": "dist",
              "path": "/nix/store/2sh1kn8zhfk614w1411w0q2pf10ir90s-python3.14-ansible-core-2.21.1-dist"
            }
          ],
          "store_path": "/nix/store/z23sjj8qxvc4xcr35crdasyiw1z67ycf-python3.14-ansible-core-2.21.1"
        }
      }
    },
    "github:NixOS/nixpkgs/nixpkgs-unstable": {
      "last_modified": "2026-07-27T00:09:06Z",
      "resolved": "github:NixOS/nixpkgs/d3498f786f97ac0bded21b34bae0bf3809b45aa3?lastModified=1785110946&narHash=sha256-WWuWxmXKzGZWryswWlijP3Mjp6aGy4Ngmeil5nGMMjk%3D"
    },
    "jq@latest": {
      "last_modified": "2026-08-01T16:34:20Z",
      "resolved": "github:NixOS/nixpkgs/a5cbcfe954791221bfffe2307f7d1a1bf61a871e#jq",
      "source": "devbox-search",
      "version": "1.8.2",
      "systems": {
        "aarch64-darwin": {
          "outputs": [
            {
              "name": "bin",
              "path": "/nix/store/si622aj9znsy96kdwsrg54dxzp9m35qw-jq-1.8.2-bin",
              "default": true
            },
            {
              "name": "man",
              "path": "/nix/store/jp2c61il2ycagni1j5c1jrglnypvbf5k-jq-1.8.2-man",
              "default": true
            },
            {
              "name": "dev",
              "path": "/nix/store/zcvl9cnw5a44f74gw8aa8fh8cfynjc76-jq-1.8.2-dev"
            },
            {
              "name": "doc",
              "path": "/nix/store/4s66blj2afdqbzaq8ilw30v7kpjb6ypw-jq-1.8.2-doc"
            },
            {
              "name": "out",
              "path": "/nix/store/z28yr7h99fi3mch4dh3bc50bjk6malsl-jq-1.8.2"
            }
          ],
          "store_path": "/nix/store/si622aj9znsy96kdwsrg54dxzp9m35qw-jq-1.8.2-bin"
        },
        "aarch64-linux": {
          "outputs": [
            {
              "name": "bin",
              "path": "/nix/store/rjaclwgima9ssysv7v0h2hq46g8sikd4-jq-1.8.2-bin",
              "default": true
            },
            {
              "name": "man",
              "path": "/nix/store/1w15pijismpwnainv71a6pdnsypjnqg7-jq-1.8.2-man",
              "default": true
            },
            {
              "name": "dev",
              "path": "/nix/store/yy0mx8yjmzkk154mmp1vx4b0kz0ndw6y-jq-1.8.2-dev"
            },
            {
              "name": "doc",
              "path": "/nix/store/yqx0xva9dq6rnvxgwcadrmni1l8ympa1-jq-1.8.2-doc"
            },
            {
              "name": "out",
              "path": "/nix/store/0x995g1z807ynhzsh2f6yj0jsw6pr50f-jq-1.8.2"
            }
          ],
          "store_path": "/nix/store/rjaclwgima9ssysv7v0h2hq46g8sikd4-jq-1.8.2-bin"
        },
        "x86_64-linux": {
          "outputs": [
            {
              "name": "bin",
              "path": "/nix/store/4b6f9wb1qak318gk7mxlfkhril6lxpcx-jq-1.8.2-bin",
              "default": true
            },
            {
              "name": "man",
              "path": "/nix/store/4zwaa20khsi2drbg16i5z3wxbjf88mm6-jq-1.8.2-man",
              "default": true
            },
            {
              "name": "doc",
              "path": "/nix/store/dp4rs4vpwp44c7vvgskj1hly0d6xqf2m-jq-1.8.2-doc"
            },
            {
              "name": "out",
              "path": "/nix/store/z438hrlp3j75bpmq87ymzabb8vrda8ps-jq-1.8.2"
            },
            {
              "name": "dev",
              "path": "/nix/store/sp8a7n50g32lzzsc7dz09ry2vc9bh4y0-jq-1.8.2-dev"
            }
          ],
          "store_path": "/nix/store/4b6f9wb1qak318gk7mxlfkhril6lxpcx-jq-1.8.2-bin"
        }
      }
    },
    "kind@latest": {
      "last_modified": "2026-08-01T16:34:20Z",
      "resolved": "github:NixOS/nixpkgs/a5cbcfe954791221bfffe2307f7d1a1bf61a871e#kind",
      "source": "devbox-search",
      "version": "0.32.0",
      "systems": {
        "aarch64-darwin": {
          "outputs": [
            {
              "name": "out",
              "path": "/nix/store/pakfccnzsq6c31h5l4145jpidp32ggxg-kind-0.32.0",
              "default": true
            }
          ],
          "store_path": "/nix/store/pakfccnzsq6c31h5l4145jpidp32ggxg-kind-0.32.0"
        },
        "aarch64-linux": {
          "outputs": [
            {
              "name": "out",
              "path": "/nix/store/h6a1hnw4cwpzadc5xc60i7bb1d9xwi68-kind-0.32.0",
              "default": true
            }
          ],
          "store_path": "/nix/store/h6a1hnw4cwpzadc5xc60i7bb1d9xwi68-kind-0.32.0"
        },
        "x86_64-linux": {
          "outputs": [
            {
              "name": "out",
              "path": "/nix/store/dz74fjdwyfrmsd48fx96g53zsk0x63p2-kind-0.32.0",
              "default": true
            }
          ],
          "store_path": "/nix/store/dz74fjdwyfrmsd48fx96g53zsk0x63p2-kind-0.32.0"
        }
      }
    },
    "kubectl@latest": {
      "last_modified": "2026-08-01T16:34:20Z",
      "resolved": "github:NixOS/nixpkgs/a5cbcfe954791221bfffe2307f7d1a1bf61a871e#kubectl",
      "source": "devbox-search",
      "version": "1.36.3",
      "systems": {
        "aarch64-darwin": {
          "outputs": [
            {
              "name": "out",
              "path": "/nix/store/3qb9nx5p60da5mxgpqykdgmr5yy63b25-kubectl-1.36.3",
              "default": true
            },
            {
              "name": "man",
              "path": "/nix/store/d5nh9pwixcm9672rhqwy655k9i2a26lp-kubectl-1.36.3-man",
              "default": true
            },
            {
              "name": "convert",
              "path": "/nix/store/yzb59f5y4qhra438w2lma11svrl58j9w-kubectl-1.36.3-convert"
            }
          ],
          "store_path": "/nix/store/3qb9nx5p60da5mxgpqykdgmr5yy63b25-kubectl-1.36.3"
        },
        "aarch64-linux": {
          "outputs": [
            {
              "name": "out",
              "path": "/nix/store/hrvl2jwvk4n983cm0pznqqq1wngkz5wi-kubectl-1.36.3",
              "default": true
            },
            {
              "name": "man",
              "path": "/nix/store/c2pj3axay86cxhmi9fmxd5g0rm7cpxb9-kubectl-1.36.3-man",
              "default": true
            },
            {
              "name": "convert",
              "path": "/nix/store/mj3q2rip56ykf0amhi5qldmpzmcwhl7s-kubectl-1.36.3-convert"
            }
          ],
          "store_path": "/nix/store/hrvl2jwvk4n983cm0pznqqq1wngkz5wi-kubectl-1.36.3"
        },
        "x86_64-linux": {
          "outputs": [
            {
              "name": "out",
              "path": "/nix/store/gr13vsi0xrrw3y6fpyrk2kgmkidpqrm9-kubectl-1.36.3",
              "default": true
            },
            {
              "name": "man",
              "path": "/nix/store/1yn762n6qnzpbrvmrz4qh1fd3gphg78z-kubectl-1.36.3-man",
              "default": true
            },
            {
              "name": "convert",
              "path": "/nix/store/xm69shzq95d044c87296rjfsq6a9fi3d-kubectl-1.36.3-convert"
            }
          ],
          "store_path": "/nix/store/gr13vsi0xrrw3y6fpyrk2kgmkidpqrm9-kubectl-1.36.3"
        }
      }
    },
    "kubernetes-helm@latest": {
      "last_modified": "2026-08-01T16:34:20Z",
      "resolved": "github:NixOS/nixpkgs/a5cbcfe954791221bfffe2307f7d1a1bf61a871e#kubernetes-helm",
      "source": "devbox-search",
      "version": "4.2.3",
      "systems": {
        "aarch64-darwin": {
          "outputs": [
            {
              "name": "out",
              "path": "/nix/store/zxlrdn6fsss4s2i496np7kdrwy92261j-kubernetes-helm-4.2.3",
              "default": true
            }
          ],
          "store_path": "/nix/store/zxlrdn6fsss4s2i496np7kdrwy92261j-kubernetes-helm-4.2.3"
        },
        "aarch64-linux": {
          "outputs": [
            {
              "name": "out",
              "path": "/nix/store/3m7a0rmsr6k5hs0xl2ym6kiv4iqgwypj-kubernetes-helm-4.2.3",
              "default": true
            }
          ],
          "store_path": "/nix/store/3m7a0rmsr6k5hs0xl2ym6kiv4iqgwypj-kubernetes-helm-4.2.3"
        },
        "x86_64-linux": {
          "outputs": [
            {
              "name": "out",
              "path": "/nix/store/wkb6xckn077grj4jqb6z6wgmwzj7g1xr-kubernetes-helm-4.2.3",
              "default": true
            }
          ],
          "store_path": "/nix/store/wkb6xckn077grj4jqb6z6wgmwzj7g1xr-kubernetes-helm-4.2.3"
        }
      }
    }
  }
}
